
Microsoft Visual Studio Solution File, Format Version 12.00
# Visual Studio Version 17
VisualStudioVersion = 17.0.31903.59
MinimumVisualStudioVersion = 10.0.40219.1
Project("{2150E333-8FDC-42A3-9474-1A3956D46DE8}") = "1. Packages", "1. Packages", "{48D0382B-98A7-4D9E-B2AC-BD1EF444A6D8}"
EndProject
Project("{2150E333-8FDC-42A3-9474-1A3956D46DE8}") = "2. Services", "2. Services", "{5E6E3425-FA66-45FB-A4DA-0F233D332B90}"
EndProject
Project("{2150E333-8FDC-42A3-9474-1A3956D46DE8}") = "3. Data", "3. Data", "{0F7D3D40-0174-4AA2-8D8B-3D9EA2A8229A}"
EndProject
Project("{2150E333-8FDC-42A3-9474-1A3956D46DE8}") = "4. Core", "4. Core", "{5396D0B8-04A5-4A5D-9E6A-84E62F0A5E13}"
EndProject
Project("{2150E333-8FDC-42A3-9474-1A3956D46DE8}") = "5. Tools", "5. Tools", "{4C0BC547-53D6-4AC8-B53D-BE84D846D15A}"
EndProject
Project("{2150E333-8FDC-42A3-9474-1A3956D46DE8}") = "6. Samples", "6. Samples", "{FF527707-D2C4-4582-92D5-C35731E66663}"
EndProject
Project("{FAE04EC0-301F-11D3-BF4B-00C04F79EFBC}") = "OakIdeas.Aspire.DataExplorer.Core", "src\OakIdeas.Aspire.DataExplorer.Core\OakIdeas.Aspire.DataExplorer.Core.csproj", "{31255116-7156-4828-8DE3-3CE1A92DF1C5}"
EndProject
Project("{FAE04EC0-301F-11D3-BF4B-00C04F79EFBC}") = "OakIdeas.Aspire.DataExplorer.SqlServer", "src\OakIdeas.Aspire.DataExplorer.SqlServer\OakIdeas.Aspire.DataExplorer.SqlServer.csproj", "{9C5CFC96-8FA3-4538-B5CC-1CE127A72B6D}"
EndProject
Project("{FAE04EC0-301F-11D3-BF4B-00C04F79EFBC}") = "OakIdeas.Aspire.DataExplorer.Hosting", "src\OakIdeas.Aspire.DataExplorer.Hosting\OakIdeas.Aspire.DataExplorer.Hosting.csproj", "{89F23B8C-1701-4B4E-87F6-FB6B3FD1B04A}"
EndProject
Project("{FAE04EC0-301F-11D3-BF4B-00C04F79EFBC}") = "OakIdeas.Aspire.DataExplorer.Web", "src\OakIdeas.Aspire.DataExplorer.Web\OakIdeas.Aspire.DataExplorer.Web.csproj", "{2AFE2F2B-CA0A-4B1F-857E-032EBF961ABA}"
EndProject
Project("{FAE04EC0-301F-11D3-BF4B-00C04F79EFBC}") = "OakIdeas.Aspire.DataExplorer.Data", "src\OakIdeas.Aspire.DataExplorer.Data\OakIdeas.Aspire.DataExplorer.Data.csproj", "{A6DBA6B4-B549-41C5-9015-0F159DB7F72F}"
EndProject
Project("{FAE04EC0-301F-11D3-BF4B-00C04F79EFBC}") = "OakIdeas.Aspire.DataExplorer.Contracts", "src\OakIdeas.Aspire.DataExplorer.Contracts\OakIdeas.Aspire.DataExplorer.Contracts.csproj", "{635144AB-6C95-4464-BC8A-C49B431BB5AA}"
EndProject
Project("{FAE04EC0-301F-11D3-BF4B-00C04F79EFBC}") = "OakIdeas.Aspire.DataExplorer.AppHost", "src\OakIdeas.Aspire.DataExplorer.AppHost\OakIdeas.Aspire.DataExplorer.AppHost.csproj", "{C1DE7BF8-9425-4077-A152-766C556E3D48}"
EndProject
Project("{FAE04EC0-301F-11D3-BF4B-00C04F79EFBC}") = "OakIdeas.Aspire.DataExplorer.SqlServer.Tests", "tests\OakIdeas.Aspire.DataExplorer.SqlServer.Tests\OakIdeas.Aspire.DataExplorer.SqlServer.Tests.csproj", "{9E6CEC6B-3C8E-4929-B110-34B5E7D5F4F7}"
EndProject
Project("{FAE04EC0-301F-11D3-BF4B-00C04F79EFBC}") = "OakIdeas.Aspire.DataExplorer.Core.Tests", "tests\OakIdeas.Aspire.DataExplorer.Core.Tests\OakIdeas.Aspire.DataExplorer.Core.Tests.csproj", "{F0D8E7D7-31B3-4306-BF2B-D229078AE50E}"
EndProject
Project("{FAE04EC0-301F-11D3-BF4B-00C04F79EFBC}") = "OakIdeas.Aspire.DataExplorer.Web.Tests", "tests\OakIdeas.Aspire.DataExplorer.Web.Tests\OakIdeas.Aspire.DataExplorer.Web.Tests.csproj", "{D8DD2C6B-AAFE-446A-B401-319C190F6289}"
EndProject
Project("{FAE04EC0-301F-11D3-BF4B-00C04F79EFBC}") = "OakIdeas.Aspire.DataExplorer.Data.Tests", "tests\OakIdeas.Aspire.DataExplorer.Data.Tests\OakIdeas.Aspire.DataExplorer.Data.Tests.csproj", "{3154E216-4C15-44D9-AB47-0817FE8880F1}"
EndProject
Project("{FAE04EC0-301F-11D3-BF4B-00C04F79EFBC}") = "OakIdeas.Aspire.DataExplorer.IntegrationTests", "tests\OakIdeas.Aspire.DataExplorer.IntegrationTests\OakIdeas.Aspire.DataExplorer.IntegrationTests.csproj", "{B30DBA04-6625-4E11-BAA6-D3C5A5CB2875}"
EndProject
Project("{FAE04EC0-301F-11D3-BF4B-00C04F79EFBC}") = "OakIdeas.Aspire.DataExplorer.SampleApp", "samples\OakIdeas.Aspire.DataExplorer.SampleApp\OakIdeas.Aspire.DataExplorer.SampleApp.csproj", "{94F7BAB4-4183-4CA9-9940-D2F4BCDA4EF6}"
EndProject
Project("{FAE04EC0-301F-11D3-BF4B-00C04F79EFBC}") = "OakIdeas.Aspire.DataExplorer.Sample.Api", "samples\OakIdeas.Aspire.DataExplorer.Sample.Api\OakIdeas.Aspire.DataExplorer.Sample.Api.csproj", "{A1B2C3D4-E5F6-4890-ABCD-EF1234567891}"
EndProject
Project("{FAE04EC0-301F-11D3-BF4B-00C04F79EFBC}") = "OakIdeas.Aspire.DataExplorer.Sample.Web", "samples\OakIdeas.Aspire.DataExplorer.Sample.Web\OakIdeas.Aspire.DataExplorer.Sample.Web.csproj", "{B2C3D4E5-F6A7-4901-BCDE-F12345678902}"
EndProject
Global
	GlobalSection(SolutionConfigurationPlatforms) = preSolution
		Debug|Any CPU = Debug|Any CPU
		Debug|x64 = Debug|x64
		Debug|x86 = Debug|x86
		Release|Any CPU = Release|Any CPU
		Release|x64 = Release|x64
		Release|x86 = Release|x86
	EndGlobalSection
	GlobalSection(ProjectConfigurationPlatforms) = postSolution
		{31255116-7156-4828-8DE3-3CE1A92DF1C5}.Debug|Any CPU.ActiveCfg = Debug|Any CPU
		{31255116-7156-4828-8DE3-3CE1A92DF1C5}.Debug|Any CPU.Build.0 = Debug|Any CPU
		{31255116-7156-4828-8DE3-3CE1A92DF1C5}.Debug|x64.ActiveCfg = Debug|Any CPU
		{31255116-7156-4828-8DE3-3CE1A92DF1C5}.Debug|x64.Build.0 = Debug|Any CPU
		{31255116-7156-4828-8DE3-3CE1A92DF1C5}.Debug|x86.ActiveCfg = Debug|Any CPU
		{31255116-7156-4828-8DE3-3CE1A92DF1C5}.Debug|x86.Build.0 = Debug|Any CPU
		{31255116-7156-4828-8DE3-3CE1A92DF1C5}.Release|Any CPU.ActiveCfg = Release|Any CPU
		{31255116-7156-4828-8DE3-3CE1A92DF1C5}.Release|Any CPU.Build.0 = Release|Any CPU
		{31255116-7156-4828-8DE3-3CE1A92DF1C5}.Release|x64.ActiveCfg = Release|Any CPU
		{31255116-7156-4828-8DE3-3CE1A92DF1C5}.Release|x64.Build.0 = Release|Any CPU
		{31255116-7156-4828-8DE3-3CE1A92DF1C5}.Release|x86.ActiveCfg = Release|Any CPU
		{31255116-7156-4828-8DE3-3CE1A92DF1C5}.Release|x86.Build.0 = Release|Any CPU
		{9C5CFC96-8FA3-4538-B5CC-1CE127A72B6D}.Debug|Any CPU.ActiveCfg = Debug|Any CPU
		{9C5CFC96-8FA3-4538-B5CC-1CE127A72B6D}.Debug|Any CPU.Build.0 = Debug|Any CPU
		{9C5CFC96-8FA3-4538-B5CC-1CE127A72B6D}.Debug|x64.ActiveCfg = Debug|Any CPU
		{9C5CFC96-8FA3-4538-B5CC-1CE127A72B6D}.Debug|x64.Build.0 = Debug|Any CPU
		{9C5CFC96-8FA3-4538-B5CC-1CE127A72B6D}.Debug|x86.ActiveCfg = Debug|Any CPU
		{9C5CFC96-8FA3-4538-B5CC-1CE127A72B6D}.Debug|x86.Build.0 = Debug|Any CPU
		{9C5CFC96-8FA3-4538-B5CC-1CE127A72B6D}.Release|Any CPU.ActiveCfg = Release|Any CPU
		{9C5CFC96-8FA3-4538-B5CC-1CE127A72B6D}.Release|Any CPU.Build.0 = Release|Any CPU
		{9C5CFC96-8FA3-4538-B5CC-1CE127A72B6D}.Release|x64.ActiveCfg = Release|Any CPU
		{9C5CFC96-8FA3-4538-B5CC-1CE127A72B6D}.Release|x64.Build.0 = Release|Any CPU
		{9C5CFC96-8FA3-4538-B5CC-1CE127A72B6D}.Release|x86.ActiveCfg = Release|Any CPU
		{9C5CFC96-8FA3-4538-B5CC-1CE127A72B6D}.Release|x86.Build.0 = Release|Any CPU
		{89F23B8C-1701-4B4E-87F6-FB6B3FD1B04A}.Debug|Any CPU.ActiveCfg = Debug|Any CPU
		{89F23B8C-1701-4B4E-87F6-FB6B3FD1B04A}.Debug|Any CPU.Build.0 = Debug|Any CPU
		{89F23B8C-1701-4B4E-87F6-FB6B3FD1B04A}.Debug|x64.ActiveCfg = Debug|Any CPU
		{89F23B8C-1701-4B4E-87F6-FB6B3FD1B04A}.Debug|x64.Build.0 = Debug|Any CPU
		{89F23B8C-1701-4B4E-87F6-FB6B3FD1B04A}.Debug|x86.ActiveCfg = Debug|Any CPU
		{89F23B8C-1701-4B4E-87F6-FB6B3FD1B04A}.Debug|x86.Build.0 = Debug|Any CPU
		{89F23B8C-1701-4B4E-87F6-FB6B3FD1B04A}.Release|Any CPU.ActiveCfg = Release|Any CPU
		{89F23B8C-1701-4B4E-87F6-FB6B3FD1B04A}.Release|Any CPU.Build.0 = Release|Any CPU
		{89F23B8C-1701-4B4E-87F6-FB6B3FD1B04A}.Release|x64.ActiveCfg = Release|Any CPU
		{89F23B8C-1701-4B4E-87F6-FB6B3FD1B04A}.Release|x64.Build.0 = Release|Any CPU
		{89F23B8C-1701-4B4E-87F6-FB6B3FD1B04A}.Release|x86.ActiveCfg = Release|Any CPU
		{89F23B8C-1701-4B4E-87F6-FB6B3FD1B04A}.Release|x86.Build.0 = Release|Any CPU
		{2AFE2F2B-CA0A-4B1F-857E-032EBF961ABA}.Debug|Any CPU.ActiveCfg = Debug|Any CPU
		{2AFE2F2B-CA0A-4B1F-857E-032EBF961ABA}.Debug|Any CPU.Build.0 = Debug|Any CPU
		{2AFE2F2B-CA0A-4B1F-857E-032EBF961ABA}.Debug|x64.ActiveCfg = Debug|Any CPU
		{2AFE2F2B-CA0A-4B1F-857E-032EBF961ABA}.Debug|x64.Build.0 = Debug|Any CPU
		{2AFE2F2B-CA0A-4B1F-857E-032EBF961ABA}.Debug|x86.ActiveCfg = Debug|Any CPU
		{2AFE2F2B-CA0A-4B1F-857E-032EBF961ABA}.Debug|x86.Build.0 = Debug|Any CPU
		{2AFE2F2B-CA0A-4B1F-857E-032EBF961ABA}.Release|Any CPU.ActiveCfg = Release|Any CPU
		{2AFE2F2B-CA0A-4B1F-857E-032EBF961ABA}.Release|Any CPU.Build.0 = Release|Any CPU
		{2AFE2F2B-CA0A-4B1F-857E-032EBF961ABA}.Release|x64.ActiveCfg = Release|Any CPU
		{2AFE2F2B-CA0A-4B1F-857E-032EBF961ABA}.Release|x64.Build.0 = Release|Any CPU
		{2AFE2F2B-CA0A-4B1F-857E-032EBF961ABA}.Release|x86.ActiveCfg = Release|Any CPU
		{2AFE2F2B-CA0A-4B1F-857E-032EBF961ABA}.Release|x86.Build.0 = Release|Any CPU
		{A6DBA6B4-B549-41C5-9015-0F159DB7F72F}.Debug|Any CPU.ActiveCfg = Debug|Any CPU
		{A6DBA6B4-B549-41C5-9015-0F159DB7F72F}.Debug|Any CPU.Build.0 = Debug|Any CPU
		{A6DBA6B4-B549-41C5-9015-0F159DB7F72F}.Debug|x64.ActiveCfg = Debug|Any CPU
		{A6DBA6B4-B549-41C5-9015-0F159DB7F72F}.Debug|x64.Build.0 = Debug|Any CPU
		{A6DBA6B4-B549-41C5-9015-0F159DB7F72F}.Debug|x86.ActiveCfg = Debug|Any CPU
		{A6DBA6B4-B549-41C5-9015-0F159DB7F72F}.Debug|x86.Build.0 = Debug|Any CPU
		{A6DBA6B4-B549-41C5-9015-0F159DB7F72F}.Release|Any CPU.ActiveCfg = Release|Any CPU
		{A6DBA6B4-B549-41C5-9015-0F159DB7F72F}.Release|Any CPU.Build.0 = Release|Any CPU
		{A6DBA6B4-B549-41C5-9015-0F159DB7F72F}.Release|x64.ActiveCfg = Release|Any CPU
		{A6DBA6B4-B549-41C5-9015-0F159DB7F72F}.Release|x64.Build.0 = Release|Any CPU
		{A6DBA6B4-B549-41C5-9015-0F159DB7F72F}.Release|x86.ActiveCfg = Release|Any CPU
		{A6DBA6B4-B549-41C5-9015-0F159DB7F72F}.Release|x86.Build.0 = Release|Any CPU
		{635144AB-6C95-4464-BC8A-C49B431BB5AA}.Debug|Any CPU.ActiveCfg = Debug|Any CPU
		{635144AB-6C95-4464-BC8A-C49B431BB5AA}.Debug|Any CPU.Build.0 = Debug|Any CPU
		{635144AB-6C95-4464-BC8A-C49B431BB5AA}.Debug|x64.ActiveCfg = Debug|Any CPU
		{635144AB-6C95-4464-BC8A-C49B431BB5AA}.Debug|x64.Build.0 = Debug|Any CPU
		{635144AB-6C95-4464-BC8A-C49B431BB5AA}.Debug|x86.ActiveCfg = Debug|Any CPU
		{635144AB-6C95-4464-BC8A-C49B431BB5AA}.Debug|x86.Build.0 = Debug|Any CPU
		{635144AB-6C95-4464-BC8A-C49B431BB5AA}.Release|Any CPU.ActiveCfg = Release|Any CPU
		{635144AB-6C95-4464-BC8A-C49B431BB5AA}.Release|Any CPU.Build.0 = Release|Any CPU
		{635144AB-6C95-4464-BC8A-C49B431BB5AA}.Release|x64.ActiveCfg = Release|Any CPU
		{635144AB-6C95-4464-BC8A-C49B431BB5AA}.Release|x64.Build.0 = Release|Any CPU
		{635144AB-6C95-4464-BC8A-C49B431BB5AA}.Release|x86.ActiveCfg = Release|Any CPU
		{635144AB-6C95-4464-BC8A-C49B431BB5AA}.Release|x86.Build.0 = Release|Any CPU
		{C1DE7BF8-9425-4077-A152-766C556E3D48}.Debug|Any CPU.ActiveCfg = Debug|Any CPU
		{C1DE7BF8-9425-4077-A152-766C556E3D48}.Debug|Any CPU.Build.0 = Debug|Any CPU
		{C1DE7BF8-9425-4077-A152-766C556E3D48}.Debug|x64.ActiveCfg = Debug|Any CPU
		{C1DE7BF8-9425-4077-A152-766C556E3D48}.Debug|x64.Build.0 = Debug|Any CPU
		{C1DE7BF8-9425-4077-A152-766C556E3D48}.Debug|x86.ActiveCfg = Debug|Any CPU
		{C1DE7BF8-9425-4077-A152-766C556E3D48}.Debug|x86.Build.0 = Debug|Any CPU
		{C1DE7BF8-9425-4077-A152-766C556E3D48}.Release|Any CPU.ActiveCfg = Release|Any CPU
		{C1DE7BF8-9425-4077-A152-766C556E3D48}.Release|Any CPU.Build.0 = Release|Any CPU
		{C1DE7BF8-9425-4077-A152-766C556E3D48}.Release|x64.ActiveCfg = Release|Any CPU
		{C1DE7BF8-9425-4077-A152-766C556E3D48}.Release|x64.Build.0 = Release|Any CPU
		{C1DE7BF8-9425-4077-A152-766C556E3D48}.Release|x86.ActiveCfg = Release|Any CPU
		{C1DE7BF8-9425-4077-A152-766C556E3D48}.Release|x86.Build.0 = Release|Any CPU
		{9E6CEC6B-3C8E-4929-B110-34B5E7D5F4F7}.Debug|Any CPU.ActiveCfg = Debug|Any CPU
		{9E6CEC6B-3C8E-4929-B110-34B5E7D5F4F7}.Debug|Any CPU.Build.0 = Debug|Any CPU
		{9E6CEC6B-3C8E-4929-B110-34B5E7D5F4F7}.Debug|x64.ActiveCfg = Debug|Any CPU
		{9E6CEC6B-3C8E-4929-B110-34B5E7D5F4F7}.Debug|x64.Build.0 = Debug|Any CPU
		{9E6CEC6B-3C8E-4929-B110-34B5E7D5F4F7}.Debug|x86.ActiveCfg = Debug|Any CPU
		{9E6CEC6B-3C8E-4929-B110-34B5E7D5F4F7}.Debug|x86.Build.0 = Debug|Any CPU
		{9E6CEC6B-3C8E-4929-B110-34B5E7D5F4F7}.Release|Any CPU.ActiveCfg = Release|Any CPU
		{9E6CEC6B-3C8E-4929-B110-34B5E7D5F4F7}.Release|Any CPU.Build.0 = Release|Any CPU
		{9E6CEC6B-3C8E-4929-B110-34B5E7D5F4F7}.Release|x64.ActiveCfg = Release|Any CPU
		{9E6CEC6B-3C8E-4929-B110-34B5E7D5F4F7}.Release|x64.Build.0 = Release|Any CPU
		{9E6CEC6B-3C8E-4929-B110-34B5E7D5F4F7}.Release|x86.ActiveCfg = Release|Any CPU
		{9E6CEC6B-3C8E-4929-B110-34B5E7D5F4F7}.Release|x86.Build.0 = Release|Any CPU
		{F0D8E7D7-31B3-4306-BF2B-D229078AE50E}.Debug|Any CPU.ActiveCfg = Debug|Any CPU
		{F0D8E7D7-31B3-4306-BF2B-D229078AE50E}.Debug|Any CPU.Build.0 = Debug|Any CPU
		{F0D8E7D7-31B3-4306-BF2B-D229078AE50E}.Debug|x64.ActiveCfg = Debug|Any CPU
		{F0D8E7D7-31B3-4306-BF2B-D229078AE50E}.Debug|x64.Build.0 = Debug|Any CPU
		{F0D8E7D7-31B3-4306-BF2B-D229078AE50E}.Debug|x86.ActiveCfg = Debug|Any CPU
		{F0D8E7D7-31B3-4306-BF2B-D229078AE50E}.Debug|x86.Build.0 = Debug|Any CPU
		{F0D8E7D7-31B3-4306-BF2B-D229078AE50E}.Release|Any CPU.ActiveCfg = Release|Any CPU
		{F0D8E7D7-31B3-4306-BF2B-D229078AE50E}.Release|Any CPU.Build.0 = Release|Any CPU
		{F0D8E7D7-31B3-4306-BF2B-D229078AE50E}.Release|x64.ActiveCfg = Release|Any CPU
		{F0D8E7D7-31B3-4306-BF2B-D229078AE50E}.Release|x64.Build.0 = Release|Any CPU
		{F0D8E7D7-31B3-4306-BF2B-D229078AE50E}.Release|x86.ActiveCfg = Release|Any CPU
		{F0D8E7D7-31B3-4306-BF2B-D229078AE50E}.Release|x86.Build.0 = Release|Any CPU
		{D8DD2C6B-AAFE-446A-B401-319C190F6289}.Debug|Any CPU.ActiveCfg = Debug|Any CPU
		{D8DD2C6B-AAFE-446A-B401-319C190F6289}.Debug|Any CPU.Build.0 = Debug|Any CPU
		{D8DD2C6B-AAFE-446A-B401-319C190F6289}.Debug|x64.ActiveCfg = Debug|Any CPU
		{D8DD2C6B-AAFE-446A-B401-319C190F6289}.Debug|x64.Build.0 = Debug|Any CPU
		{D8DD2C6B-AAFE-446A-B401-319C190F6289}.Debug|x86.ActiveCfg = Debug|Any CPU
		{D8DD2C6B-AAFE-446A-B401-319C190F6289}.Debug|x86.Build.0 = Debug|Any CPU
		{D8DD2C6B-AAFE-446A-B401-319C190F6289}.Release|Any CPU.ActiveCfg = Release|Any CPU
		{D8DD2C6B-AAFE-446A-B401-319C190F6289}.Release|Any CPU.Build.0 = Release|Any CPU
		{D8DD2C6B-AAFE-446A-B401-319C190F6289}.Release|x64.ActiveCfg = Release|Any CPU
		{D8DD2C6B-AAFE-446A-B401-319C190F6289}.Release|x64.Build.0 = Release|Any CPU
		{D8DD2C6B-AAFE-446A-B401-319C190F6289}.Release|x86.ActiveCfg = Release|Any CPU
		{D8DD2C6B-AAFE-446A-B401-319C190F6289}.Release|x86.Build.0 = Release|Any CPU
		{3154E216-4C15-44D9-AB47-0817FE8880F1}.Debug|Any CPU.ActiveCfg = Debug|Any CPU
		{3154E216-4C15-44D9-AB47-0817FE8880F1}.Debug|Any CPU.Build.0 = Debug|Any CPU
		{3154E216-4C15-44D9-AB47-0817FE8880F1}.Debug|x64.ActiveCfg = Debug|Any CPU
		{3154E216-4C15-44D9-AB47-0817FE8880F1}.Debug|x64.Build.0 = Debug|Any CPU
		{3154E216-4C15-44D9-AB47-0817FE8880F1}.Debug|x86.ActiveCfg = Debug|Any CPU
		{3154E216-4C15-44D9-AB47-0817FE8880F1}.Debug|x86.Build.0 = Debug|Any CPU
		{3154E216-4C15-44D9-AB47-0817FE8880F1}.Release|Any CPU.ActiveCfg = Release|Any CPU
		{3154E216-4C15-44D9-AB47-0817FE8880F1}.Release|Any CPU.Build.0 = Release|Any CPU
		{3154E216-4C15-44D9-AB47-0817FE8880F1}.Release|x64.ActiveCfg = Release|Any CPU
		{3154E216-4C15-44D9-AB47-0817FE8880F1}.Release|x64.Build.0 = Release|Any CPU
		{3154E216-4C15-44D9-AB47-0817FE8880F1}.Release|x86.ActiveCfg = Release|Any CPU
		{3154E216-4C15-44D9-AB47-0817FE8880F1}.Release|x86.Build.0 = Release|Any CPU
		{B30DBA04-6625-4E11-BAA6-D3C5A5CB2875}.Debug|Any CPU.ActiveCfg = Debug|Any CPU
		{B30DBA04-6625-4E11-BAA6-D3C5A5CB2875}.Debug|Any CPU.Build.0 = Debug|Any CPU
		{B30DBA04-6625-4E11-BAA6-D3C5A5CB2875}.Debug|x64.ActiveCfg = Debug|Any CPU
		{B30DBA04-6625-4E11-BAA6-D3C5A5CB2875}.Debug|x64.Build.0 = Debug|Any CPU
		{B30DBA04-6625-4E11-BAA6-D3C5A5CB2875}.Debug|x86.ActiveCfg = Debug|Any CPU
		{B30DBA04-6625-4E11-BAA6-D3C5A5CB2875}.Debug|x86.Build.0 = Debug|Any CPU
		{B30DBA04-6625-4E11-BAA6-D3C5A5CB2875}.Release|Any CPU.ActiveCfg = Release|Any CPU
		{B30DBA04-6625-4E11-BAA6-D3C5A5CB2875}.Release|Any CPU.Build.0 = Release|Any CPU
		{B30DBA04-6625-4E11-BAA6-D3C5A5CB2875}.Release|x64.ActiveCfg = Release|Any CPU
		{B30DBA04-6625-4E11-BAA6-D3C5A5CB2875}.Release|x64.Build.0 = Release|Any CPU
		{B30DBA04-6625-4E11-BAA6-D3C5A5CB2875}.Release|x86.ActiveCfg = Release|Any CPU
		{B30DBA04-6625-4E11-BAA6-D3C5A5CB2875}.Release|x86.Build.0 = Release|Any CPU
		{94F7BAB4-4183-4CA9-9940-D2F4BCDA4EF6}.Debug|Any CPU.ActiveCfg = Debug|Any CPU
		{94F7BAB4-4183-4CA9-9940-D2F4BCDA4EF6}.Debug|Any CPU.Build.0 = Debug|Any CPU
		{94F7BAB4-4183-4CA9-9940-D2F4BCDA4EF6}.Debug|x64.ActiveCfg = Debug|Any CPU
		{94F7BAB4-4183-4CA9-9940-D2F4BCDA4EF6}.Debug|x64.Build.0 = Debug|Any CPU
		{94F7BAB4-4183-4CA9-9940-D2F4BCDA4EF6}.Debug|x86.ActiveCfg = Debug|Any CPU
		{94F7BAB4-4183-4CA9-9940-D2F4BCDA4EF6}.Debug|x86.Build.0 = Debug|Any CPU
		{94F7BAB4-4183-4CA9-9940-D2F4BCDA4EF6}.Release|Any CPU.ActiveCfg = Release|Any CPU
		{94F7BAB4-4183-4CA9-9940-D2F4BCDA4EF6}.Release|Any CPU.Build.0 = Release|Any CPU
		{94F7BAB4-4183-4CA9-9940-D2F4BCDA4EF6}.Release|x64.ActiveCfg = Release|Any CPU
		{94F7BAB4-4183-4CA9-9940-D2F4BCDA4EF6}.Release|x64.Build.0 = Release|Any CPU
		{94F7BAB4-4183-4CA9-9940-D2F4BCDA4EF6}.Release|x86.ActiveCfg = Release|Any CPU
		{94F7BAB4-4183-4CA9-9940-D2F4BCDA4EF6}.Release|x86.Build.0 = Release|Any CPU
		{A1B2C3D4-E5F6-4890-ABCD-EF1234567891}.Debug|Any CPU.ActiveCfg = Debug|Any CPU
		{A1B2C3D4-E5F6-4890-ABCD-EF1234567891}.Debug|Any CPU.Build.0 = Debug|Any CPU
		{A1B2C3D4-E5F6-4890-ABCD-EF1234567891}.Debug|x64.ActiveCfg = Debug|Any CPU
		{A1B2C3D4-E5F6-4890-ABCD-EF1234567891}.Debug|x64.Build.0 = Debug|Any CPU
		{A1B2C3D4-E5F6-4890-ABCD-EF1234567891}.Debug|x86.ActiveCfg = Debug|Any CPU
		{A1B2C3D4-E5F6-4890-ABCD-EF1234567891}.Debug|x86.Build.0 = Debug|Any CPU
		{A1B2C3D4-E5F6-4890-ABCD-EF1234567891}.Release|Any CPU.ActiveCfg = Release|Any CPU
		{A1B2C3D4-E5F6-4890-ABCD-EF1234567891}.Release|Any CPU.Build.0 = Release|Any CPU
		{A1B2C3D4-E5F6-4890-ABCD-EF1234567891}.Release|x64.ActiveCfg = Release|Any CPU
		{A1B2C3D4-E5F6-4890-ABCD-EF1234567891}.Release|x64.Build.0 = Release|Any CPU
		{A1B2C3D4-E5F6-4890-ABCD-EF1234567891}.Release|x86.ActiveCfg = Release|Any CPU
		{A1B2C3D4-E5F6-4890-ABCD-EF1234567891}.Release|x86.Build.0 = Release|Any CPU
		{B2C3D4E5-F6A7-4901-BCDE-F12345678902}.Debug|Any CPU.ActiveCfg = Debug|Any CPU
		{B2C3D4E5-F6A7-4901-BCDE-F12345678902}.Debug|Any CPU.Build.0 = Debug|Any CPU
		{B2C3D4E5-F6A7-4901-BCDE-F12345678902}.Debug|x64.ActiveCfg = Debug|Any CPU
		{B2C3D4E5-F6A7-4901-BCDE-F12345678902}.Debug|x64.Build.0 = Debug|Any CPU
		{B2C3D4E5-F6A7-4901-BCDE-F12345678902}.Debug|x86.ActiveCfg = Debug|Any CPU
		{B2C3D4E5-F6A7-4901-BCDE-F12345678902}.Debug|x86.Build.0 = Debug|Any CPU
		{B2C3D4E5-F6A7-4901-BCDE-F12345678902}.Release|Any CPU.ActiveCfg = Release|Any CPU
		{B2C3D4E5-F6A7-4901-BCDE-F12345678902}.Release|Any CPU.Build.0 = Release|Any CPU
		{B2C3D4E5-F6A7-4901-BCDE-F12345678902}.Release|x64.ActiveCfg = Release|Any CPU
		{B2C3D4E5-F6A7-4901-BCDE-F12345678902}.Release|x64.Build.0 = Release|Any CPU
		{B2C3D4E5-F6A7-4901-BCDE-F12345678902}.Release|x86.ActiveCfg = Release|Any CPU
		{B2C3D4E5-F6A7-4901-BCDE-F12345678902}.Release|x86.Build.0 = Release|Any CPU
	EndGlobalSection
	GlobalSection(SolutionProperties) = preSolution
		HideSolutionNode = FALSE
	EndGlobalSection
	GlobalSection(NestedProjects) = preSolution
		{31255116-7156-4828-8DE3-3CE1A92DF1C5} = {5396D0B8-04A5-4A5D-9E6A-84E62F0A5E13}
		{9C5CFC96-8FA3-4538-B5CC-1CE127A72B6D} = {0F7D3D40-0174-4AA2-8D8B-3D9EA2A8229A}
		{89F23B8C-1701-4B4E-87F6-FB6B3FD1B04A} = {48D0382B-98A7-4D9E-B2AC-BD1EF444A6D8}
		{2AFE2F2B-CA0A-4B1F-857E-032EBF961ABA} = {5E6E3425-FA66-45FB-A4DA-0F233D332B90}
		{A6DBA6B4-B549-41C5-9015-0F159DB7F72F} = {0F7D3D40-0174-4AA2-8D8B-3D9EA2A8229A}
		{635144AB-6C95-4464-BC8A-C49B431BB5AA} = {48D0382B-98A7-4D9E-B2AC-BD1EF444A6D8}
		{C1DE7BF8-9425-4077-A152-766C556E3D48} = {5E6E3425-FA66-45FB-A4DA-0F233D332B90}
		{9E6CEC6B-3C8E-4929-B110-34B5E7D5F4F7} = {4C0BC547-53D6-4AC8-B53D-BE84D846D15A}
		{F0D8E7D7-31B3-4306-BF2B-D229078AE50E} = {4C0BC547-53D6-4AC8-B53D-BE84D846D15A}
		{D8DD2C6B-AAFE-446A-B401-319C190F6289} = {4C0BC547-53D6-4AC8-B53D-BE84D846D15A}
		{3154E216-4C15-44D9-AB47-0817FE8880F1} = {4C0BC547-53D6-4AC8-B53D-BE84D846D15A}
		{B30DBA04-6625-4E11-BAA6-D3C5A5CB2875} = {4C0BC547-53D6-4AC8-B53D-BE84D846D15A}
		{94F7BAB4-4183-4CA9-9940-D2F4BCDA4EF6} = {FF527707-D2C4-4582-92D5-C35731E66663}
		{A1B2C3D4-E5F6-4890-ABCD-EF1234567891} = {FF527707-D2C4-4582-92D5-C35731E66663}
		{B2C3D4E5-F6A7-4901-BCDE-F12345678902} = {FF527707-D2C4-4582-92D5-C35731E66663}
	EndGlobalSection
EndGlobal
